
Microsoft Visual Studio Solution File, Format Version 12.00
# Visual Studio Version 17
VisualStudioVersion = 17.3.32929.385
MinimumVisualStudioVersion = 10.0.40219.1
Project("{9A19103F-16F7-4668-BE54-9A1E7A4F7556}") = "HackerNewsInterface", "HackerNewsInterface.csproj", "{C1599A3A-8E40-45D8-B214-C994BA5DA121}"
EndProject
Project("{9A19103F-16F7-4668-BE54-9A1E7A4F7556}") = "HackerTestCases", "HackerTestCases\HackerTestCases.csproj", "{80D5BB80-64A0-4329-8F8E-2E4380A8E924}"
EndProject
Global
	GlobalSection(SolutionConfigurationPlatforms) = preSolution
		Debug|Any CPU = Debug|Any CPU
		Release|Any CPU = Release|Any CPU
	EndGlobalSection
	GlobalSection(ProjectConfigurationPlatforms) = postSolution
		{C1599A3A-8E40-45D8-B214-C994BA5DA121}.Debug|Any CPU.ActiveCfg = Debug|Any CPU
		{C1599A3A-8E40-45D8-B214-C994BA5DA121}.Debug|Any CPU.Build.0 = Debug|Any CPU
		{C1599A3A-8E40-45D8-B214-C994BA5DA121}.Release|Any CPU.ActiveCfg = Release|Any CPU
		{C1599A3A-8E40-45D8-B214-C994BA5DA121}.Release|Any CPU.Build.0 = Release|Any CPU
		{80D5BB80-64A0-4329-8F8E-2E4380A8E924}.Debug|Any CPU.ActiveCfg = Debug|Any CPU
		{80D5BB80-64A0-4329-8F8E-2E4380A8E924}.Debug|Any CPU.Build.0 = Debug|Any CPU
		{80D5BB80-64A0-4329-8F8E-2E4380A8E924}.Release|Any CPU.ActiveCfg = Release|Any CPU
		{80D5BB80-64A0-4329-8F8E-2E4380A8E924}.Release|Any CPU.Build.0 = Release|Any CPU
	EndGlobalSection
	GlobalSection(SolutionProperties) = preSolution
		HideSolutionNode = FALSE
	EndGlobalSection
	GlobalSection(ExtensibilityGlobals) = postSolution
		SolutionGuid = {5E5270E7-DF5C-4532-BD1B-D7A190469146}
	EndGlobalSection
EndGlobal
